// !$*UTF8*$!
{
	archiveVersion = 1;
	classes = {
	};
	objectVersion = 48;
	objects = {

/* Begin PBXBuildFile section */
		4506DD681FB99BA200001B6C /* EPerson.m in Sources */ = {isa = PBXBuildFile; fileRef = 4506DD671FB99BA200001B6C /* EPerson.m */; };
		456BCCB61FA9BA5A0073C4B5 /* AppDelegate.m in Sources */ = {isa = PBXBuildFile; fileRef = 456BCCB51FA9BA5A0073C4B5 /* AppDelegate.m */; };
		456BCCB91FA9BA5A0073C4B5 /* ViewController.m in Sources */ = {isa = PBXBuildFile; fileRef = 456BCCB81FA9BA5A0073C4B5 /* ViewController.m */; };
		456BCCBC1FA9BA5A0073C4B5 /* Main.storyboard in Resources */ = {isa = PBXBuildFile; fileRef = 456BCCBA1FA9BA5A0073C4B5 /* Main.storyboard */; };
		456BCCBE1FA9BA5A0073C4B5 /* Assets.xcassets in Resources */ = {isa = PBXBuildFile; fileRef = 456BCCBD1FA9BA5A0073C4B5 /* Assets.xcassets */; };
		456BCCC11FA9BA5A0073C4B5 /* LaunchScreen.storyboard in Resources */ = {isa = PBXBuildFile; fileRef = 456BCCBF1FA9BA5A0073C4B5 /* LaunchScreen.storyboard */; };
		456BCCC41FA9BA5A0073C4B5 /* main.m in Sources */ = {isa = PBXBuildFile; fileRef = 456BCCC31FA9BA5A0073C4B5 /* main.m */; };
/* End PBXBuildFile section */

/* Begin PBXFileReference section */
		4506DD661FB99BA200001B6C /* EPerson.h */ = {isa = PBXFileReference; lastKnownFileType = sourcecode.c.h; path = EPerson.h; sourceTree = "<group>"; };
		4506DD671FB99BA200001B6C /* EPerson.m */ = {isa = PBXFileReference; lastKnownFileType = sourcecode.c.objc; path = EPerson.m; sourceTree = "<group>"; };
		456BCCB11FA9BA590073C4B5 /* UIScrollViewDemo.app */ = {isa = PBXFileReference; explicitFileType = wrapper.application; includeInIndex = 0; path = UIScrollViewDemo.app; sourceTree = BUILT_PRODUCTS_DIR; };
		456BCCB41FA9BA5A0073C4B5 /* AppDelegate.h */ = {isa = PBXFileReference; lastKnownFileType = sourcecode.c.h; path = AppDelegate.h; sourceTree = "<group>"; };
		456BCCB51FA9BA5A0073C4B5 /* AppDelegate.m */ = {isa = PBXFileReference; lastKnownFileType = sourcecode.c.objc; path = AppDelegate.m; sourceTree = "<group>"; };
		456BCCB71FA9BA5A0073C4B5 /* ViewController.h */ = {isa = PBXFileReference; lastKnownFileType = sourcecode.c.h; path = ViewController.h; sourceTree = "<group>"; };
		456BCCB81FA9BA5A0073C4B5 /* ViewController.m */ = {isa = PBXFileReference; lastKnownFileType = sourcecode.c.objc; path = ViewController.m; sourceTree = "<group>"; };
		456BCCBB1FA9BA5A0073C4B5 /* Base */ = {isa = PBXFileReference; lastKnownFileType = file.storyboard; name = Base; path = Base.lproj/Main.storyboard; sourceTree = "<group>"; };
		456BCCBD1FA9BA5A0073C4B5 /* Assets.xcassets */ = {isa = PBXFileReference; lastKnownFileType = folder.assetcatalog; path = Assets.xcassets; sourceTree = "<group>"; };
		456BCCC01FA9BA5A0073C4B5 /* Base */ = {isa = PBXFileReference; lastKnownFileType = file.storyboard; name = Base; path = Base.lproj/LaunchScreen.storyboard; sourceTree = "<group>"; };
		456BCCC21FA9BA5A0073C4B5 /* Info.plist */ = {isa = PBXFileReference; lastKnownFileType = text.plist.xml; path = Info.plist; sourceTree = "<group>"; };
		456BCCC31FA9BA5A0073C4B5 /* main.m */ = {isa = PBXFileReference; lastKnownFileType = sourcecode.c.objc; path = main.m; sourceTree = "<group>"; };
/* End PBXFileReference section */

/* Begin PBXFrameworksBuildPhase section */
		456BCCAE1FA9BA590073C4B5 /* Frameworks */ = {
			isa = PBXFrameworksBuildPhase;
			buildActionMask = 2147483647;
			files = (
			);
			runOnlyForDeploymentPostprocessing = 0;
		};
/* End PBXFrameworksBuildPhase section */

/* Begin PBXGroup section */
		4506DD691FB99BAC00001B6C /* delegate */ = {
			isa = PBXGroup;
			children = (
				4506DD661FB99BA200001B6C /* EPerson.h */,
				4506DD671FB99BA200001B6C /* EPerson.m */,
			);
			path = delegate;
			sourceTree = "<group>";
		};
		456BCCA81FA9BA590073C4B5 = {
			isa = PBXGroup;
			children = (
				456BCCB31FA9BA590073C4B5 /* UIScrollViewDemo */,
				456BCCB21FA9BA590073C4B5 /* Products */,
			);
			sourceTree = "<group>";
		};
		456BCCB21FA9BA590073C4B5 /* Products */ = {
			isa = PBXGroup;
			children = (
				456BCCB11FA9BA590073C4B5 /* UIScrollViewDemo.app */,
			);
			name = Products;
			sourceTree = "<group>";
		};
		456BCCB31FA9BA590073C4B5 /* UIScrollViewDemo */ = {
			isa = PBXGroup;
			children = (
				4506DD691FB99BAC00001B6C /* delegate */,
				456BCCB41FA9BA5A0073C4B5 /* AppDelegate.h */,
				456BCCB51FA9BA5A0073C4B5 /* AppDelegate.m */,
				456BCCB71FA9BA5A0073C4B5 /* ViewController.h */,
				456BCCB81FA9BA5A0073C4B5 /* ViewController.m */,
				456BCCBA1FA9BA5A0073C4B5 /* Main.storyboard */,
				456BCCBD1FA9BA5A0073C4B5 /* Assets.xcassets */,
				456BCCBF1FA9BA5A0073C4B5 /* LaunchScreen.storyboard */,
				456BCCC21FA9BA5A0073C4B5 /* Info.plist */,
				456BCCC31FA9BA5A0073C4B5 /* main.m */,
			);
			path = UIScrollViewDemo;
			sourceTree = "<group>";
		};
/* End PBXGroup section */

/* Begin PBXNativeTarget section */
		456BCCB01FA9BA590073C4B5 /* UIScrollViewDemo */ = {
			isa = PBXNativeTarget;
			buildConfigurationList = 456BCCC71FA9BA5A0073C4B5 /* Build configuration list for PBXNativeTarget "UIScrollViewDemo" */;
			buildPhases = (
				456BCCAD1FA9BA590073C4B5 /* Sources */,
				456BCCAE1FA9BA590073C4B5 /* Frameworks */,
				456BCCAF1FA9BA590073C4B5 /* Resources */,
			);
			buildRules = (
			);
			dependencies = (
			);
			name = UIScrollViewDemo;
			productName = UIScrollViewDemo;
			productReference = 456BCCB11FA9BA590073C4B5 /* UIScrollViewDemo.app */;
			productType = "com.apple.product-type.application";
		};
/* End PBXNativeTarget section */

/* Begin PBXProject section */
		456BCCA91FA9BA590073C4B5 /* Project object */ = {
			isa = PBXProject;
			attributes = {
				LastUpgradeCheck = 0900;
				ORGANIZATIONNAME = com.east;
				TargetAttributes = {
					456BCCB01FA9BA590073C4B5 = {
						CreatedOnToolsVersion = 9.0.1;
						ProvisioningStyle = Automatic;
					};
				};
			};
			buildConfigurationList = 456BCCAC1FA9BA590073C4B5 /* Build configuration list for PBXProject "UIScrollViewDemo" */;
			compatibilityVersion = "Xcode 8.0";
			developmentRegion = en;
			hasScannedForEncodings = 0;
			knownRegions = (
				en,
				Base,
			);
			mainGroup = 456BCCA81FA9BA590073C4B5;
			productRefGroup = 456BCCB21FA9BA590073C4B5 /* Products */;
			projectDirPath = "";
			projectRoot = "";
			targets = (
				456BCCB01FA9BA590073C4B5 /* UIScrollViewDemo */,
			);
		};
/* End PBXProject section */

/* Begin PBXResourcesBuildPhase section */
		456BCCAF1FA9BA590073C4B5 /* Resources */ = {
			isa = PBXResourcesBuildPhase;
			buildActionMask = 2147483647;
			files = (
				456BCCC11FA9BA5A0073C4B5 /* LaunchScreen.storyboard in Resources */,
				456BCCBE1FA9BA5A0073C4B5 /* Assets.xcassets in Resources */,
				456BCCBC1FA9BA5A0073C4B5 /* Main.storyboard in Resources */,
			);
			runOnlyForDeploymentPostprocessing = 0;
		};
/* End PBXResourcesBuildPhase section */

/* Begin PBXSourcesBuildPhase section */
		456BCCAD1FA9BA590073C4B5 /* Sources */ = {
			isa = PBXSourcesBuildPhase;
			buildActionMask = 2147483647;
			files = (
				4506DD681FB99BA200001B6C /* EPerson.m in Sources */,
				456BCCB91FA9BA5A0073C4B5 /* ViewController.m in Sources */,
				456BCCC41FA9BA5A0073C4B5 /* main.m in Sources */,
				456BCCB61FA9BA5A0073C4B5 /* AppDelegate.m in Sources */,
			);
			runOnlyForDeploymentPostprocessing = 0;
		};
/* End PBXSourcesBuildPhase section */

/* Begin PBXVariantGroup section */
		456BCCBA1FA9BA5A0073C4B5 /* Main.storyboard */ = {
			isa = PBXVariantGroup;
			children = (
				456BCCBB1FA9BA5A0073C4B5 /* Base */,
			);
			name = Main.storyboard;
			sourceTree = "<group>";
		};
		456BCCBF1FA9BA5A0073C4B5 /* LaunchScreen.storyboard */ = {
			isa = PBXVariantGroup;
			children = (
				456BCCC01FA9BA5A0073C4B5 /* Base */,
			);
			name = LaunchScreen.storyboard;
			sourceTree = "<group>";
		};
/* End PBXVariantGroup section */

/* Begin XCBuildConfiguration section */
		456BCCC51FA9BA5A0073C4B5 /* Debug */ = {
			isa = XCBuildConfiguration;
			buildSettings = {
				ALWAYS_SEARCH_USER_PATHS = NO;
				CLANG_ANALYZER_NONNULL = YES;
				CLANG_ANALYZER_NUMBER_OBJECT_CONVERSION = YES_AGGRESSIVE;
				CLANG_CXX_LANGUAGE_STANDARD = "gnu++14";
				CLANG_CXX_LIBRARY = "libc++";
				CLANG_ENABLE_MODULES = YES;
				CLANG_ENABLE_OBJC_ARC = YES;
				CLANG_WARN_BLOCK_CAPTURE_AUTORELEASING = YES;
				CLANG_WARN_BOOL_CONVERSION = YES;
				CLANG_WARN_COMMA = YES;
				CLANG_WARN_CONSTANT_CONVERSION = YES;
				CLANG_WARN_DIRECT_OBJC_ISA_USAGE = YES_ERROR;
				CLANG_WARN_DOCUMENTATION_COMMENTS = YES;
				CLANG_WARN_EMPTY_BODY = YES;
				CLANG_WARN_ENUM_CONVERSION = YES;
				CLANG_WARN_INFINITE_RECURSION = YES;
				CLANG_WARN_INT_CONVERSION = YES;
				CLANG_WARN_NON_LITERAL_NULL_CONVERSION = YES;
				CLANG_WARN_OBJC_LITERAL_CONVERSION = YES;
				CLANG_WARN_OBJC_ROOT_CLASS = YES_ERROR;
				CLANG_WARN_RANGE_LOOP_ANALYSIS = YES;
				CLANG_WARN_STRICT_PROTOTYPES = YES;
				CLANG_WARN_SUSPICIOUS_MOVE = YES;
				CLANG_WARN_UNGUARDED_AVAILABILITY = YES_AGGRESSIVE;
				CLANG_WARN_UNREACHABLE_CODE = YES;
				CLANG_WARN__DUPLICATE_METHOD_MATCH = YES;
				CODE_SIGN_IDENTITY = "iPhone Developer";
				COPY_PHASE_STRIP = NO;
				DEBUG_INFORMATION_FORMAT = dwarf;
				ENABLE_STRICT_OBJC_MSGSEND = YES;
				ENABLE_TESTABILITY = YES;
				GCC_C_LANGUAGE_STANDARD = gnu11;
				GCC_DYNAMIC_NO_PIC = NO;
				GCC_NO_COMMON_BLOCKS = YES;
				GCC_OPTIMIZATION_LEVEL = 0;
				GCC_PREPROCESSOR_DEFINITIONS = (
					"DEBUG=1",
					"$(inherited)",
				);
				GCC_WARN_64_TO_32_BIT_CONVERSION = YES;
				GCC_WARN_ABOUT_RETURN_TYPE = YES_ERROR;
				GCC_WARN_UNDECLARED_SELECTOR = YES;
				GCC_WARN_UNINITIALIZED_AUTOS = YES_AGGRESSIVE;
				GCC_WARN_UNUSED_FUNCTION = YES;
				GCC_WARN_UNUSED_VARIABLE = YES;
				IPHONEOS_DEPLOYMENT_TARGET = 11.0;
				MTL_ENABLE_DEBUG_INFO = YES;
				ONLY_ACTIVE_ARCH = YES;
				SDKROOT = iphoneos;
			};
			name = Debug;
		};
		456BCCC61FA9BA5A0073C4B5 /* Release */ = {
			isa = XCBuildConfiguration;
			buildSettings = {
				ALWAYS_SEARCH_USER_PATHS = NO;
				CLANG_ANALYZER_NONNULL = YES;
				CLANG_ANALYZER_NUMBER_OBJECT_CONVERSION = YES_AGGRESSIVE;
				CLANG_CXX_LANGUAGE_STANDARD = "gnu++14";
				CLANG_CXX_LIBRARY = "libc++";
				CLANG_ENABLE_MODULES = YES;
				CLANG_ENABLE_OBJC_ARC = YES;
				CLANG_WARN_BLOCK_CAPTURE_AUTORELEASING = YES;
				CLANG_WARN_BOOL_CONVERSION = YES;
				CLANG_WARN_COMMA = YES;
				CLANG_WARN_CONSTANT_CONVERSION = YES;
				CLANG_WARN_DIRECT_OBJC_ISA_USAGE = YES_ERROR;
				CLANG_WARN_DOCUMENTATION_COMMENTS = YES;
				CLANG_WARN_EMPTY_BODY = YES;
				CLANG_WARN_ENUM_CONVERSION = YES;
				CLANG_WARN_INFINITE_RECURSION = YES;
				CLANG_WARN_INT_CONVERSION = YES;
				CLANG_WARN_NON_LITERAL_NULL_CONVERSION = YES;
				CLANG_WARN_OBJC_LITERAL_CONVERSION = YES;
				CLANG_WARN_OBJC_ROOT_CLASS = YES_ERROR;
				CLANG_WARN_RANGE_LOOP_ANALYSIS = YES;
				CLANG_WARN_STRICT_PROTOTYPES = YES;
				CLANG_WARN_SUSPICIOUS_MOVE = YES;
				CLANG_WARN_UNGUARDED_AVAILABILITY = YES_AGGRESSIVE;
				CLANG_WARN_UNREACHABLE_CODE = YES;
				CLANG_WARN__DUPLICATE_METHOD_MATCH = YES;
				CODE_SIGN_IDENTITY = "iPhone Developer";
				COPY_PHASE_STRIP = NO;
				DEBUG_INFORMATION_FORMAT = "dwarf-with-dsym";
				ENABLE_NS_ASSERTIONS = NO;
				ENABLE_STRICT_OBJC_MSGSEND = YES;
				GCC_C_LANGUAGE_STANDARD = gnu11;
				GCC_NO_COMMON_BLOCKS = YES;
				GCC_WARN_64_TO_32_BIT_CONVERSION = YES;
				GCC_WARN_ABOUT_RETURN_TYPE = YES_ERROR;
				GCC_WARN_UNDECLARED_SELECTOR = YES;
				GCC_WARN_UNINITIALIZED_AUTOS = YES_AGGRESSIVE;
				GCC_WARN_UNUSED_FUNCTION = YES;
				GCC_WARN_UNUSED_VARIABLE = YES;
				IPHONEOS_DEPLOYMENT_TARGET = 11.0;
				MTL_ENABLE_DEBUG_INFO = NO;
				SDKROOT = iphoneos;
				VALIDATE_PRODUCT = YES;
			};
			name = Release;
		};
		456BCCC81FA9BA5A0073C4B5 /* Debug */ = {
			isa = XCBuildConfiguration;
			buildSettings = {
				ASSETCATALOG_COMPILER_APPICON_NAME = AppIcon;
				CODE_SIGN_STYLE = Automatic;
				DEVELOPMENT_TEAM = "";
				INFOPLIST_FILE = UIScrollViewDemo/Info.plist;
				LD_RUNPATH_SEARCH_PATHS = "$(inherited) @executable_path/Frameworks";
				PRODUCT_BUNDLE_IDENTIFIER = com.east.UIScrollViewDemo;
				PRODUCT_NAME = "$(TARGET_NAME)";
				TARGETED_DEVICE_FAMILY = "1,2";
			};
			name = Debug;
		};
		456BCCC91FA9BA5A0073C4B5 /* Release */ = {
			isa = XCBuildConfiguration;
			buildSettings = {
				ASSETCATALOG_COMPILER_APPICON_NAME = AppIcon;
				CODE_SIGN_STYLE = Automatic;
				DEVELOPMENT_TEAM = "";
				INFOPLIST_FILE = UIScrollViewDemo/Info.plist;
				LD_RUNPATH_SEARCH_PATHS = "$(inherited) @executable_path/Frameworks";
				PRODUCT_BUNDLE_IDENTIFIER = com.east.UIScrollViewDemo;
				PRODUCT_NAME = "$(TARGET_NAME)";
				TARGETED_DEVICE_FAMILY = "1,2";
			};
			name = Release;
		};
/* End XCBuildConfiguration section */

/* Begin XCConfigurationList section */
		456BCCAC1FA9BA590073C4B5 /* Build configuration list for PBXProject "UIScrollViewDemo" */ = {
			isa = XCConfigurationList;
			buildConfigurations = (
				456BCCC51FA9BA5A0073C4B5 /* Debug */,
				456BCCC61FA9BA5A0073C4B5 /* Release */,
			);
			defaultConfigurationIsVisible = 0;
			defaultConfigurationName = Release;
		};
		456BCCC71FA9BA5A0073C4B5 /* Build configuration list for PBXNativeTarget "UIScrollViewDemo" */ = {
			isa = XCConfigurationList;
			buildConfigurations = (
				456BCCC81FA9BA5A0073C4B5 /* Debug */,
				456BCCC91FA9BA5A0073C4B5 /* Release */,
			);
			defaultConfigurationIsVisible = 0;
			defaultConfigurationName = Release;
		};
/* End XCConfigurationList section */
	};
	rootObject = 456BCCA91FA9BA590073C4B5 /* Project object */;
}
