// !$*UTF8*$!
{
	archiveVersion = 1;
	classes = {
	};
	objectVersion = 48;
	objects = {

/* Begin PBXBuildFile section */
		4512F24A1FFF852A00D594A5 /* AppDelegate.m in Sources */ = {isa = PBXBuildFile; fileRef = 4512F2491FFF852A00D594A5 /* AppDelegate.m */; };
		4512F24D1FFF852A00D594A5 /* ViewController.m in Sources */ = {isa = PBXBuildFile; fileRef = 4512F24C1FFF852A00D594A5 /* ViewController.m */; };
		4512F2501FFF852A00D594A5 /* Main.storyboard in Resources */ = {isa = PBXBuildFile; fileRef = 4512F24E1FFF852A00D594A5 /* Main.storyboard */; };
		4512F2521FFF852A00D594A5 /* Assets.xcassets in Resources */ = {isa = PBXBuildFile; fileRef = 4512F2511FFF852A00D594A5 /* Assets.xcassets */; };
		4512F2551FFF852A00D594A5 /* LaunchScreen.storyboard in Resources */ = {isa = PBXBuildFile; fileRef = 4512F2531FFF852A00D594A5 /* LaunchScreen.storyboard */; };
		4512F2581FFF852A00D594A5 /* main.m in Sources */ = {isa = PBXBuildFile; fileRef = 4512F2571FFF852A00D594A5 /* main.m */; };
		4512F25F2000E11900D594A5 /* foods.plist in Resources */ = {isa = PBXBuildFile; fileRef = 4512F25E2000E11900D594A5 /* foods.plist */; };
		4512F2612000E12200D594A5 /* provinces.plist in Resources */ = {isa = PBXBuildFile; fileRef = 4512F2602000E12200D594A5 /* provinces.plist */; };
		4512F2722000E12B00D594A5 /* ydl.gif in Resources */ = {isa = PBXBuildFile; fileRef = 4512F2632000E12B00D594A5 /* ydl.gif */; };
		4512F2732000E12B00D594A5 /* putaoya.gif in Resources */ = {isa = PBXBuildFile; fileRef = 4512F2642000E12B00D594A5 /* putaoya.gif */; };
		4512F2742000E12B00D594A5 /* helan.gif in Resources */ = {isa = PBXBuildFile; fileRef = 4512F2652000E12B00D594A5 /* helan.gif */; };
		4512F2752000E12B00D594A5 /* wlgui.gif in Resources */ = {isa = PBXBuildFile; fileRef = 4512F2662000E12B00D594A5 /* wlgui.gif */; };
		4512F2762000E12B00D594A5 /* hanguo.gif in Resources */ = {isa = PBXBuildFile; fileRef = 4512F2672000E12B00D594A5 /* hanguo.gif */; };
		4512F2772000E12B00D594A5 /* ruishi.gif in Resources */ = {isa = PBXBuildFile; fileRef = 4512F2682000E12B00D594A5 /* ruishi.gif */; };
		4512F2782000E12B00D594A5 /* deguo.gif in Resources */ = {isa = PBXBuildFile; fileRef = 4512F2692000E12B00D594A5 /* deguo.gif */; };
		4512F2792000E12B00D594A5 /* agt.gif in Resources */ = {isa = PBXBuildFile; fileRef = 4512F26A2000E12B00D594A5 /* agt.gif */; };
		4512F27A2000E12B00D594A5 /* faguo.gif in Resources */ = {isa = PBXBuildFile; fileRef = 4512F26B2000E12B00D594A5 /* faguo.gif */; };
		4512F27B2000E12B00D594A5 /* xiby.gif in Resources */ = {isa = PBXBuildFile; fileRef = 4512F26C2000E12B00D594A5 /* xiby.gif */; };
		4512F27C2000E12B00D594A5 /* baxi.gif in Resources */ = {isa = PBXBuildFile; fileRef = 4512F26D2000E12B00D594A5 /* baxi.gif */; };
		4512F27D2000E12B00D594A5 /* ruidian.gif in Resources */ = {isa = PBXBuildFile; fileRef = 4512F26E2000E12B00D594A5 /* ruidian.gif */; };
		4512F27E2000E12B00D594A5 /* ying.gif in Resources */ = {isa = PBXBuildFile; fileRef = 4512F26F2000E12B00D594A5 /* ying.gif */; };
		4512F27F2000E12B00D594A5 /* zhongguo.jpg in Resources */ = {isa = PBXBuildFile; fileRef = 4512F2702000E12B00D594A5 /* zhongguo.jpg */; };
		4512F2802000E12B00D594A5 /* flags.plist in Resources */ = {isa = PBXBuildFile; fileRef = 4512F2712000E12B00D594A5 /* flags.plist */; };
		4512F2832000E25700D594A5 /* FoodViewController.m in Sources */ = {isa = PBXBuildFile; fileRef = 4512F2822000E25700D594A5 /* FoodViewController.m */; };
		4512F2862000E27600D594A5 /* FlagViewController.m in Sources */ = {isa = PBXBuildFile; fileRef = 4512F2852000E27600D594A5 /* FlagViewController.m */; };
		4512F2892000E28100D594A5 /* ProvinceViewController.m in Sources */ = {isa = PBXBuildFile; fileRef = 4512F2882000E28100D594A5 /* ProvinceViewController.m */; };
		455844092004A45F001C42B8 /* FlagView.m in Sources */ = {isa = PBXBuildFile; fileRef = 455844082004A45F001C42B8 /* FlagView.m */; };
/* End PBXBuildFile section */

/* Begin PBXFileReference section */
		4512F2451FFF852A00D594A5 /* UIPickerViewDemo.app */ = {isa = PBXFileReference; explicitFileType = wrapper.application; includeInIndex = 0; path = UIPickerViewDemo.app; sourceTree = BUILT_PRODUCTS_DIR; };
		4512F2481FFF852A00D594A5 /* AppDelegate.h */ = {isa = PBXFileReference; lastKnownFileType = sourcecode.c.h; path = AppDelegate.h; sourceTree = "<group>"; };
		4512F2491FFF852A00D594A5 /* AppDelegate.m */ = {isa = PBXFileReference; lastKnownFileType = sourcecode.c.objc; path = AppDelegate.m; sourceTree = "<group>"; };
		4512F24B1FFF852A00D594A5 /* ViewController.h */ = {isa = PBXFileReference; lastKnownFileType = sourcecode.c.h; path = ViewController.h; sourceTree = "<group>"; };
		4512F24C1FFF852A00D594A5 /* ViewController.m */ = {isa = PBXFileReference; lastKnownFileType = sourcecode.c.objc; path = ViewController.m; sourceTree = "<group>"; };
		4512F24F1FFF852A00D594A5 /* Base */ = {isa = PBXFileReference; lastKnownFileType = file.storyboard; name = Base; path = Base.lproj/Main.storyboard; sourceTree = "<group>"; };
		4512F2511FFF852A00D594A5 /* Assets.xcassets */ = {isa = PBXFileReference; lastKnownFileType = folder.assetcatalog; path = Assets.xcassets; sourceTree = "<group>"; };
		4512F2541FFF852A00D594A5 /* Base */ = {isa = PBXFileReference; lastKnownFileType = file.storyboard; name = Base; path = Base.lproj/LaunchScreen.storyboard; sourceTree = "<group>"; };
		4512F2561FFF852A00D594A5 /* Info.plist */ = {isa = PBXFileReference; lastKnownFileType = text.plist.xml; path = Info.plist; sourceTree = "<group>"; };
		4512F2571FFF852A00D594A5 /* main.m */ = {isa = PBXFileReference; lastKnownFileType = sourcecode.c.objc; path = main.m; sourceTree = "<group>"; };
		4512F25E2000E11900D594A5 /* foods.plist */ = {isa = PBXFileReference; fileEncoding = 4; lastKnownFileType = text.plist.xml; path = foods.plist; sourceTree = "<group>"; };
		4512F2602000E12200D594A5 /* provinces.plist */ = {isa = PBXFileReference; fileEncoding = 4; lastKnownFileType = text.plist.xml; path = provinces.plist; sourceTree = "<group>"; };
		4512F2632000E12B00D594A5 /* ydl.gif */ = {isa = PBXFileReference; lastKnownFileType = image.gif; path = ydl.gif; sourceTree = "<group>"; };
		4512F2642000E12B00D594A5 /* putaoya.gif */ = {isa = PBXFileReference; lastKnownFileType = image.gif; path = putaoya.gif; sourceTree = "<group>"; };
		4512F2652000E12B00D594A5 /* helan.gif */ = {isa = PBXFileReference; lastKnownFileType = image.gif; path = helan.gif; sourceTree = "<group>"; };
		4512F2662000E12B00D594A5 /* wlgui.gif */ = {isa = PBXFileReference; lastKnownFileType = image.gif; path = wlgui.gif; sourceTree = "<group>"; };
		4512F2672000E12B00D594A5 /* hanguo.gif */ = {isa = PBXFileReference; lastKnownFileType = image.gif; path = hanguo.gif; sourceTree = "<group>"; };
		4512F2682000E12B00D594A5 /* ruishi.gif */ = {isa = PBXFileReference; lastKnownFileType = image.gif; path = ruishi.gif; sourceTree = "<group>"; };
		4512F2692000E12B00D594A5 /* deguo.gif */ = {isa = PBXFileReference; lastKnownFileType = image.gif; path = deguo.gif; sourceTree = "<group>"; };
		4512F26A2000E12B00D594A5 /* agt.gif */ = {isa = PBXFileReference; lastKnownFileType = image.gif; path = agt.gif; sourceTree = "<group>"; };
		4512F26B2000E12B00D594A5 /* faguo.gif */ = {isa = PBXFileReference; lastKnownFileType = image.gif; path = faguo.gif; sourceTree = "<group>"; };
		4512F26C2000E12B00D594A5 /* xiby.gif */ = {isa = PBXFileReference; lastKnownFileType = image.gif; path = xiby.gif; sourceTree = "<group>"; };
		4512F26D2000E12B00D594A5 /* baxi.gif */ = {isa = PBXFileReference; lastKnownFileType = image.gif; path = baxi.gif; sourceTree = "<group>"; };
		4512F26E2000E12B00D594A5 /* ruidian.gif */ = {isa = PBXFileReference; lastKnownFileType = image.gif; path = ruidian.gif; sourceTree = "<group>"; };
		4512F26F2000E12B00D594A5 /* ying.gif */ = {isa = PBXFileReference; lastKnownFileType = image.gif; path = ying.gif; sourceTree = "<group>"; };
		4512F2702000E12B00D594A5 /* zhongguo.jpg */ = {isa = PBXFileReference; lastKnownFileType = image.jpeg; path = zhongguo.jpg; sourceTree = "<group>"; };
		4512F2712000E12B00D594A5 /* flags.plist */ = {isa = PBXFileReference; fileEncoding = 4; lastKnownFileType = text.plist.xml; path = flags.plist; sourceTree = "<group>"; };
		4512F2812000E25700D594A5 /* FoodViewController.h */ = {isa = PBXFileReference; lastKnownFileType = sourcecode.c.h; path = FoodViewController.h; sourceTree = "<group>"; };
		4512F2822000E25700D594A5 /* FoodViewController.m */ = {isa = PBXFileReference; lastKnownFileType = sourcecode.c.objc; path = FoodViewController.m; sourceTree = "<group>"; };
		4512F2842000E27600D594A5 /* FlagViewController.h */ = {isa = PBXFileReference; lastKnownFileType = sourcecode.c.h; path = FlagViewController.h; sourceTree = "<group>"; };
		4512F2852000E27600D594A5 /* FlagViewController.m */ = {isa = PBXFileReference; lastKnownFileType = sourcecode.c.objc; path = FlagViewController.m; sourceTree = "<group>"; };
		4512F2872000E28100D594A5 /* ProvinceViewController.h */ = {isa = PBXFileReference; lastKnownFileType = sourcecode.c.h; path = ProvinceViewController.h; sourceTree = "<group>"; };
		4512F2882000E28100D594A5 /* ProvinceViewController.m */ = {isa = PBXFileReference; lastKnownFileType = sourcecode.c.objc; path = ProvinceViewController.m; sourceTree = "<group>"; };
		455844072004A45F001C42B8 /* FlagView.h */ = {isa = PBXFileReference; lastKnownFileType = sourcecode.c.h; path = FlagView.h; sourceTree = "<group>"; };
		455844082004A45F001C42B8 /* FlagView.m */ = {isa = PBXFileReference; lastKnownFileType = sourcecode.c.objc; path = FlagView.m; sourceTree = "<group>"; };
/* End PBXFileReference section */

/* Begin PBXFrameworksBuildPhase section */
		4512F2421FFF852A00D594A5 /* Frameworks */ = {
			isa = PBXFrameworksBuildPhase;
			buildActionMask = 2147483647;
			files = (
			);
			runOnlyForDeploymentPostprocessing = 0;
		};
/* End PBXFrameworksBuildPhase section */

/* Begin PBXGroup section */
		4512F23C1FFF852900D594A5 = {
			isa = PBXGroup;
			children = (
				4512F2471FFF852A00D594A5 /* UIPickerViewDemo */,
				4512F2461FFF852A00D594A5 /* Products */,
			);
			sourceTree = "<group>";
		};
		4512F2461FFF852A00D594A5 /* Products */ = {
			isa = PBXGroup;
			children = (
				4512F2451FFF852A00D594A5 /* UIPickerViewDemo.app */,
			);
			name = Products;
			sourceTree = "<group>";
		};
		4512F2471FFF852A00D594A5 /* UIPickerViewDemo */ = {
			isa = PBXGroup;
			children = (
				4512F2481FFF852A00D594A5 /* AppDelegate.h */,
				4512F2491FFF852A00D594A5 /* AppDelegate.m */,
				4512F24B1FFF852A00D594A5 /* ViewController.h */,
				4512F24C1FFF852A00D594A5 /* ViewController.m */,
				4512F2812000E25700D594A5 /* FoodViewController.h */,
				4512F2822000E25700D594A5 /* FoodViewController.m */,
				455844072004A45F001C42B8 /* FlagView.h */,
				455844082004A45F001C42B8 /* FlagView.m */,
				4512F2842000E27600D594A5 /* FlagViewController.h */,
				4512F2852000E27600D594A5 /* FlagViewController.m */,
				4512F2872000E28100D594A5 /* ProvinceViewController.h */,
				4512F2882000E28100D594A5 /* ProvinceViewController.m */,
				4512F24E1FFF852A00D594A5 /* Main.storyboard */,
				4512F2511FFF852A00D594A5 /* Assets.xcassets */,
				4512F2531FFF852A00D594A5 /* LaunchScreen.storyboard */,
				4512F25E2000E11900D594A5 /* foods.plist */,
				4512F2622000E12B00D594A5 /* guoqi */,
				4512F2602000E12200D594A5 /* provinces.plist */,
				4512F2561FFF852A00D594A5 /* Info.plist */,
				4512F2571FFF852A00D594A5 /* main.m */,
			);
			path = UIPickerViewDemo;
			sourceTree = "<group>";
		};
		4512F2622000E12B00D594A5 /* guoqi */ = {
			isa = PBXGroup;
			children = (
				4512F2632000E12B00D594A5 /* ydl.gif */,
				4512F2642000E12B00D594A5 /* putaoya.gif */,
				4512F2652000E12B00D594A5 /* helan.gif */,
				4512F2662000E12B00D594A5 /* wlgui.gif */,
				4512F2672000E12B00D594A5 /* hanguo.gif */,
				4512F2682000E12B00D594A5 /* ruishi.gif */,
				4512F2692000E12B00D594A5 /* deguo.gif */,
				4512F26A2000E12B00D594A5 /* agt.gif */,
				4512F26B2000E12B00D594A5 /* faguo.gif */,
				4512F26C2000E12B00D594A5 /* xiby.gif */,
				4512F26D2000E12B00D594A5 /* baxi.gif */,
				4512F26E2000E12B00D594A5 /* ruidian.gif */,
				4512F26F2000E12B00D594A5 /* ying.gif */,
				4512F2702000E12B00D594A5 /* zhongguo.jpg */,
				4512F2712000E12B00D594A5 /* flags.plist */,
			);
			path = guoqi;
			sourceTree = "<group>";
		};
/* End PBXGroup section */

/* Begin PBXNativeTarget section */
		4512F2441FFF852A00D594A5 /* UIPickerViewDemo */ = {
			isa = PBXNativeTarget;
			buildConfigurationList = 4512F25B1FFF852A00D594A5 /* Build configuration list for PBXNativeTarget "UIPickerViewDemo" */;
			buildPhases = (
				4512F2411FFF852A00D594A5 /* Sources */,
				4512F2421FFF852A00D594A5 /* Frameworks */,
				4512F2431FFF852A00D594A5 /* Resources */,
			);
			buildRules = (
			);
			dependencies = (
			);
			name = UIPickerViewDemo;
			productName = UIPickerViewDemo;
			productReference = 4512F2451FFF852A00D594A5 /* UIPickerViewDemo.app */;
			productType = "com.apple.product-type.application";
		};
/* End PBXNativeTarget section */

/* Begin PBXProject section */
		4512F23D1FFF852900D594A5 /* Project object */ = {
			isa = PBXProject;
			attributes = {
				LastUpgradeCheck = 0900;
				ORGANIZATIONNAME = east;
				TargetAttributes = {
					4512F2441FFF852A00D594A5 = {
						CreatedOnToolsVersion = 9.0.1;
						ProvisioningStyle = Automatic;
					};
				};
			};
			buildConfigurationList = 4512F2401FFF852900D594A5 /* Build configuration list for PBXProject "UIPickerViewDemo" */;
			compatibilityVersion = "Xcode 8.0";
			developmentRegion = en;
			hasScannedForEncodings = 0;
			knownRegions = (
				en,
				Base,
			);
			mainGroup = 4512F23C1FFF852900D594A5;
			productRefGroup = 4512F2461FFF852A00D594A5 /* Products */;
			projectDirPath = "";
			projectRoot = "";
			targets = (
				4512F2441FFF852A00D594A5 /* UIPickerViewDemo */,
			);
		};
/* End PBXProject section */

/* Begin PBXResourcesBuildPhase section */
		4512F2431FFF852A00D594A5 /* Resources */ = {
			isa = PBXResourcesBuildPhase;
			buildActionMask = 2147483647;
			files = (
				4512F27C2000E12B00D594A5 /* baxi.gif in Resources */,
				4512F2722000E12B00D594A5 /* ydl.gif in Resources */,
				4512F2782000E12B00D594A5 /* deguo.gif in Resources */,
				4512F27D2000E12B00D594A5 /* ruidian.gif in Resources */,
				4512F25F2000E11900D594A5 /* foods.plist in Resources */,
				4512F2762000E12B00D594A5 /* hanguo.gif in Resources */,
				4512F2802000E12B00D594A5 /* flags.plist in Resources */,
				4512F2551FFF852A00D594A5 /* LaunchScreen.storyboard in Resources */,
				4512F27E2000E12B00D594A5 /* ying.gif in Resources */,
				4512F27F2000E12B00D594A5 /* zhongguo.jpg in Resources */,
				4512F2612000E12200D594A5 /* provinces.plist in Resources */,
				4512F2792000E12B00D594A5 /* agt.gif in Resources */,
				4512F27B2000E12B00D594A5 /* xiby.gif in Resources */,
				4512F2752000E12B00D594A5 /* wlgui.gif in Resources */,
				4512F2521FFF852A00D594A5 /* Assets.xcassets in Resources */,
				4512F2742000E12B00D594A5 /* helan.gif in Resources */,
				4512F2732000E12B00D594A5 /* putaoya.gif in Resources */,
				4512F27A2000E12B00D594A5 /* faguo.gif in Resources */,
				4512F2772000E12B00D594A5 /* ruishi.gif in Resources */,
				4512F2501FFF852A00D594A5 /* Main.storyboard in Resources */,
			);
			runOnlyForDeploymentPostprocessing = 0;
		};
/* End PBXResourcesBuildPhase section */

/* Begin PBXSourcesBuildPhase section */
		4512F2411FFF852A00D594A5 /* Sources */ = {
			isa = PBXSourcesBuildPhase;
			buildActionMask = 2147483647;
			files = (
				4512F24D1FFF852A00D594A5 /* ViewController.m in Sources */,
				4512F2581FFF852A00D594A5 /* main.m in Sources */,
				4512F2862000E27600D594A5 /* FlagViewController.m in Sources */,
				4512F2832000E25700D594A5 /* FoodViewController.m in Sources */,
				4512F2892000E28100D594A5 /* ProvinceViewController.m in Sources */,
				455844092004A45F001C42B8 /* FlagView.m in Sources */,
				4512F24A1FFF852A00D594A5 /* AppDelegate.m in Sources */,
			);
			runOnlyForDeploymentPostprocessing = 0;
		};
/* End PBXSourcesBuildPhase section */

/* Begin PBXVariantGroup section */
		4512F24E1FFF852A00D594A5 /* Main.storyboard */ = {
			isa = PBXVariantGroup;
			children = (
				4512F24F1FFF852A00D594A5 /* Base */,
			);
			name = Main.storyboard;
			sourceTree = "<group>";
		};
		4512F2531FFF852A00D594A5 /* LaunchScreen.storyboard */ = {
			isa = PBXVariantGroup;
			children = (
				4512F2541FFF852A00D594A5 /* Base */,
			);
			name = LaunchScreen.storyboard;
			sourceTree = "<group>";
		};
/* End PBXVariantGroup section */

/* Begin XCBuildConfiguration section */
		4512F2591FFF852A00D594A5 /* Debug */ = {
			isa = XCBuildConfiguration;
			buildSettings = {
				ALWAYS_SEARCH_USER_PATHS = NO;
				CLANG_ANALYZER_NONNULL = YES;
				CLANG_ANALYZER_NUMBER_OBJECT_CONVERSION = YES_AGGRESSIVE;
				CLANG_CXX_LANGUAGE_STANDARD = "gnu++14";
				CLANG_CXX_LIBRARY = "libc++";
				CLANG_ENABLE_MODULES = YES;
				CLANG_ENABLE_OBJC_ARC = YES;
				CLANG_WARN_BLOCK_CAPTURE_AUTORELEASING = YES;
				CLANG_WARN_BOOL_CONVERSION = YES;
				CLANG_WARN_COMMA = YES;
				CLANG_WARN_CONSTANT_CONVERSION = YES;
				CLANG_WARN_DIRECT_OBJC_ISA_USAGE = YES_ERROR;
				CLANG_WARN_DOCUMENTATION_COMMENTS = YES;
				CLANG_WARN_EMPTY_BODY = YES;
				CLANG_WARN_ENUM_CONVERSION = YES;
				CLANG_WARN_INFINITE_RECURSION = YES;
				CLANG_WARN_INT_CONVERSION = YES;
				CLANG_WARN_NON_LITERAL_NULL_CONVERSION = YES;
				CLANG_WARN_OBJC_LITERAL_CONVERSION = YES;
				CLANG_WARN_OBJC_ROOT_CLASS = YES_ERROR;
				CLANG_WARN_RANGE_LOOP_ANALYSIS = YES;
				CLANG_WARN_STRICT_PROTOTYPES = YES;
				CLANG_WARN_SUSPICIOUS_MOVE = YES;
				CLANG_WARN_UNGUARDED_AVAILABILITY = YES_AGGRESSIVE;
				CLANG_WARN_UNREACHABLE_CODE = YES;
				CLANG_WARN__DUPLICATE_METHOD_MATCH = YES;
				CODE_SIGN_IDENTITY = "iPhone Developer";
				COPY_PHASE_STRIP = NO;
				DEBUG_INFORMATION_FORMAT = dwarf;
				ENABLE_STRICT_OBJC_MSGSEND = YES;
				ENABLE_TESTABILITY = YES;
				GCC_C_LANGUAGE_STANDARD = gnu11;
				GCC_DYNAMIC_NO_PIC = NO;
				GCC_NO_COMMON_BLOCKS = YES;
				GCC_OPTIMIZATION_LEVEL = 0;
				GCC_PREPROCESSOR_DEFINITIONS = (
					"DEBUG=1",
					"$(inherited)",
				);
				GCC_WARN_64_TO_32_BIT_CONVERSION = YES;
				GCC_WARN_ABOUT_RETURN_TYPE = YES_ERROR;
				GCC_WARN_UNDECLARED_SELECTOR = YES;
				GCC_WARN_UNINITIALIZED_AUTOS = YES_AGGRESSIVE;
				GCC_WARN_UNUSED_FUNCTION = YES;
				GCC_WARN_UNUSED_VARIABLE = YES;
				IPHONEOS_DEPLOYMENT_TARGET = 11.0;
				MTL_ENABLE_DEBUG_INFO = YES;
				ONLY_ACTIVE_ARCH = YES;
				SDKROOT = iphoneos;
			};
			name = Debug;
		};
		4512F25A1FFF852A00D594A5 /* Release */ = {
			isa = XCBuildConfiguration;
			buildSettings = {
				ALWAYS_SEARCH_USER_PATHS = NO;
				CLANG_ANALYZER_NONNULL = YES;
				CLANG_ANALYZER_NUMBER_OBJECT_CONVERSION = YES_AGGRESSIVE;
				CLANG_CXX_LANGUAGE_STANDARD = "gnu++14";
				CLANG_CXX_LIBRARY = "libc++";
				CLANG_ENABLE_MODULES = YES;
				CLANG_ENABLE_OBJC_ARC = YES;
				CLANG_WARN_BLOCK_CAPTURE_AUTORELEASING = YES;
				CLANG_WARN_BOOL_CONVERSION = YES;
				CLANG_WARN_COMMA = YES;
				CLANG_WARN_CONSTANT_CONVERSION = YES;
				CLANG_WARN_DIRECT_OBJC_ISA_USAGE = YES_ERROR;
				CLANG_WARN_DOCUMENTATION_COMMENTS = YES;
				CLANG_WARN_EMPTY_BODY = YES;
				CLANG_WARN_ENUM_CONVERSION = YES;
				CLANG_WARN_INFINITE_RECURSION = YES;
				CLANG_WARN_INT_CONVERSION = YES;
				CLANG_WARN_NON_LITERAL_NULL_CONVERSION = YES;
				CLANG_WARN_OBJC_LITERAL_CONVERSION = YES;
				CLANG_WARN_OBJC_ROOT_CLASS = YES_ERROR;
				CLANG_WARN_RANGE_LOOP_ANALYSIS = YES;
				CLANG_WARN_STRICT_PROTOTYPES = YES;
				CLANG_WARN_SUSPICIOUS_MOVE = YES;
				CLANG_WARN_UNGUARDED_AVAILABILITY = YES_AGGRESSIVE;
				CLANG_WARN_UNREACHABLE_CODE = YES;
				CLANG_WARN__DUPLICATE_METHOD_MATCH = YES;
				CODE_SIGN_IDENTITY = "iPhone Developer";
				COPY_PHASE_STRIP = NO;
				DEBUG_INFORMATION_FORMAT = "dwarf-with-dsym";
				ENABLE_NS_ASSERTIONS = NO;
				ENABLE_STRICT_OBJC_MSGSEND = YES;
				GCC_C_LANGUAGE_STANDARD = gnu11;
				GCC_NO_COMMON_BLOCKS = YES;
				GCC_WARN_64_TO_32_BIT_CONVERSION = YES;
				GCC_WARN_ABOUT_RETURN_TYPE = YES_ERROR;
				GCC_WARN_UNDECLARED_SELECTOR = YES;
				GCC_WARN_UNINITIALIZED_AUTOS = YES_AGGRESSIVE;
				GCC_WARN_UNUSED_FUNCTION = YES;
				GCC_WARN_UNUSED_VARIABLE = YES;
				IPHONEOS_DEPLOYMENT_TARGET = 11.0;
				MTL_ENABLE_DEBUG_INFO = NO;
				SDKROOT = iphoneos;
				VALIDATE_PRODUCT = YES;
			};
			name = Release;
		};
		4512F25C1FFF852A00D594A5 /* Debug */ = {
			isa = XCBuildConfiguration;
			buildSettings = {
				ASSETCATALOG_COMPILER_APPICON_NAME = AppIcon;
				CODE_SIGN_STYLE = Automatic;
				DEVELOPMENT_TEAM = "";
				INFOPLIST_FILE = UIPickerViewDemo/Info.plist;
				LD_RUNPATH_SEARCH_PATHS = "$(inherited) @executable_path/Frameworks";
				PRODUCT_BUNDLE_IDENTIFIER = com.east.UIPickerViewDemo;
				PRODUCT_NAME = "$(TARGET_NAME)";
				TARGETED_DEVICE_FAMILY = "1,2";
			};
			name = Debug;
		};
		4512F25D1FFF852A00D594A5 /* Release */ = {
			isa = XCBuildConfiguration;
			buildSettings = {
				ASSETCATALOG_COMPILER_APPICON_NAME = AppIcon;
				CODE_SIGN_STYLE = Automatic;
				DEVELOPMENT_TEAM = "";
				INFOPLIST_FILE = UIPickerViewDemo/Info.plist;
				LD_RUNPATH_SEARCH_PATHS = "$(inherited) @executable_path/Frameworks";
				PRODUCT_BUNDLE_IDENTIFIER = com.east.UIPickerViewDemo;
				PRODUCT_NAME = "$(TARGET_NAME)";
				TARGETED_DEVICE_FAMILY = "1,2";
			};
			name = Release;
		};
/* End XCBuildConfiguration section */

/* Begin XCConfigurationList section */
		4512F2401FFF852900D594A5 /* Build configuration list for PBXProject "UIPickerViewDemo" */ = {
			isa = XCConfigurationList;
			buildConfigurations = (
				4512F2591FFF852A00D594A5 /* Debug */,
				4512F25A1FFF852A00D594A5 /* Release */,
			);
			defaultConfigurationIsVisible = 0;
			defaultConfigurationName = Release;
		};
		4512F25B1FFF852A00D594A5 /* Build configuration list for PBXNativeTarget "UIPickerViewDemo" */ = {
			isa = XCConfigurationList;
			buildConfigurations = (
				4512F25C1FFF852A00D594A5 /* Debug */,
				4512F25D1FFF852A00D594A5 /* Release */,
			);
			defaultConfigurationIsVisible = 0;
			defaultConfigurationName = Release;
		};
/* End XCConfigurationList section */
	};
	rootObject = 4512F23D1FFF852900D594A5 /* Project object */;
}
